{
  "name": "useswitchmap",
  "version": "0.0.1",
  "lockfileVersion": 1,
  "requires": true,
  "dependencies": {
    "@vue/composition-api": {
      "version": "1.0.0-beta.6",
      "resolved": "https://registry.npmjs.org/@vue/composition-api/-/composition-api-1.0.0-beta.6.tgz",
      "integrity": "sha512-Gz7w4bALSPkM37AbQDZubXjbRs850GwKeZr5bUFXrhW2MuyvS6r9euKWMAu/jwJmNaVc4ZLYaGLjNDQrGcHGGw==",
      "dev": true,
      "requires": {
        "tslib": "^2.0.0"
      }
    },
    "tslib": {
      "version": "2.0.0",
      "resolved": "https://registry.npmjs.org/tslib/-/tslib-2.0.0.tgz",
      "integrity": "sha512-lTqkx847PI7xEDYJntxZH89L2/aXInsyF2luSafe/+0fHOMjlBNXdH6th7f70qxLDhul7KZK0zC8V5ZIyHl0/g==",
      "dev": true
    },
    "typescript": {
      "version": "3.9.7",
      "resolved": "https://registry.npmjs.org/typescript/-/typescript-3.9.7.tgz",
      "integrity": "sha512-BLbiRkiBzAwsjut4x/dsibSTB6yWpwT5qWmC2OfuCg3GgVQCSgMs4vEctYPhsaGtd0AeuuHMkjZ2h2WG8MSzRw==",
      "dev": true
    },
    "vue": {
      "version": "2.6.11",
      "resolved": "https://registry.npmjs.org/vue/-/vue-2.6.11.tgz",
      "integrity": "sha512-VfPwgcGABbGAue9+sfrD4PuwFar7gPb1yl1UK1MwXoQPAw0BKSqWfoYCT/ThFrdEVWoI51dBuyCoiNU9bZDZxQ==",
      "dev": true
    },
    "vue-demi": {
      "version": "0.1.4",
      "resolved": "https://registry.npmjs.org/vue-demi/-/vue-demi-0.1.4.tgz",
      "integrity": "sha512-8Hu4A9jLGK+SIIetMamf81eT2m9QUsiPaXSkiDTuPo9qEhSt56OCH/X+kmmg5Pg6kfzdTzKvvjlDBKWd41A7pg=="
    }
  }
}
