{
  "name": "useswitchmap",
  "version": "0.0.1",
  "lockfileVersion": 1,
  "requires": true,
  "dependencies": {
    "typescript": {
      "version": "3.9.7",
      "resolved": "https://registry.npmjs.org/typescript/-/typescript-3.9.7.tgz",
      "integrity": "sha512-BLbiRkiBzAwsjut4x/dsibSTB6yWpwT5qWmC2OfuCg3GgVQCSgMs4vEctYPhsaGtd0AeuuHMkjZ2h2WG8MSzRw==",
      "dev": true
    },
    "vue-demi": {
      "version": "0.1.4",
      "resolved": "https://registry.npmjs.org/vue-demi/-/vue-demi-0.1.4.tgz",
      "integrity": "sha512-8Hu4A9jLGK+SIIetMamf81eT2m9QUsiPaXSkiDTuPo9qEhSt56OCH/X+kmmg5Pg6kfzdTzKvvjlDBKWd41A7pg=="
    }
  }
}
